
Microsoft Visual Studio Solution File, Format Version 12.00
# Visual Studio Version 16
VisualStudioVersion = 16.0.28803.352
MinimumVisualStudioVersion = 10.0.40219.1
Project("{FAE04EC0-301F-11D3-BF4B-00C04F79EFBC}") = "EstoqueEntityModel", "EstoqueEntityModel\EstoqueEntityModel.csproj", "{60666721-3B2D-483B-98E6-429F2D6BE8DE}"
EndProject
Project("{FAE04EC0-301F-11D3-BF4B-00C04F79EFBC}") = "ServicoEstoque", "ServicoEstoque\ServicoEstoque.csproj", "{79F0FA35-3B76-40D5-8E1E-CAB714D1A9B1}"
EndProject
Project("{FAE04EC0-301F-11D3-BF4B-00C04F79EFBC}") = "EstoqueLibrary", "EstoqueLibrary\EstoqueLibrary.csproj", "{F2576EB6-8B36-4E6B-A49F-E5177767E4FC}"
EndProject
Project("{FAE04EC0-301F-11D3-BF4B-00C04F79EFBC}") = "ProvedorEstoqueHost", "ProvedorEstoqueHost\ProvedorEstoqueHost.csproj", "{BE8257AA-E34C-4BB3-AA13-4FB30FD7EEED}"
EndProject
Project("{FAE04EC0-301F-11D3-BF4B-00C04F79EFBC}") = "EstoqueClient", "EstoqueClient\EstoqueClient.csproj", "{63BC2EC8-7E1E-45B7-92FE-6A768F3A6175}"
	ProjectSection(ProjectDependencies) = postProject
		{79F0FA35-3B76-40D5-8E1E-CAB714D1A9B1} = {79F0FA35-3B76-40D5-8E1E-CAB714D1A9B1}
	EndProjectSection
EndProject
Global
	GlobalSection(SolutionConfigurationPlatforms) = preSolution
		Debug|Any CPU = Debug|Any CPU
		Release|Any CPU = Release|Any CPU
	EndGlobalSection
	GlobalSection(ProjectConfigurationPlatforms) = postSolution
		{60666721-3B2D-483B-98E6-429F2D6BE8DE}.Debug|Any CPU.ActiveCfg = Debug|Any CPU
		{60666721-3B2D-483B-98E6-429F2D6BE8DE}.Debug|Any CPU.Build.0 = Debug|Any CPU
		{60666721-3B2D-483B-98E6-429F2D6BE8DE}.Release|Any CPU.ActiveCfg = Release|Any CPU
		{60666721-3B2D-483B-98E6-429F2D6BE8DE}.Release|Any CPU.Build.0 = Release|Any CPU
		{79F0FA35-3B76-40D5-8E1E-CAB714D1A9B1}.Debug|Any CPU.ActiveCfg = Debug|Any CPU
		{79F0FA35-3B76-40D5-8E1E-CAB714D1A9B1}.Debug|Any CPU.Build.0 = Debug|Any CPU
		{79F0FA35-3B76-40D5-8E1E-CAB714D1A9B1}.Release|Any CPU.ActiveCfg = Release|Any CPU
		{79F0FA35-3B76-40D5-8E1E-CAB714D1A9B1}.Release|Any CPU.Build.0 = Release|Any CPU
		{F2576EB6-8B36-4E6B-A49F-E5177767E4FC}.Debug|Any CPU.ActiveCfg = Debug|Any CPU
		{F2576EB6-8B36-4E6B-A49F-E5177767E4FC}.Debug|Any CPU.Build.0 = Debug|Any CPU
		{F2576EB6-8B36-4E6B-A49F-E5177767E4FC}.Release|Any CPU.ActiveCfg = Release|Any CPU
		{F2576EB6-8B36-4E6B-A49F-E5177767E4FC}.Release|Any CPU.Build.0 = Release|Any CPU
		{BE8257AA-E34C-4BB3-AA13-4FB30FD7EEED}.Debug|Any CPU.ActiveCfg = Debug|Any CPU
		{BE8257AA-E34C-4BB3-AA13-4FB30FD7EEED}.Debug|Any CPU.Build.0 = Debug|Any CPU
		{BE8257AA-E34C-4BB3-AA13-4FB30FD7EEED}.Release|Any CPU.ActiveCfg = Release|Any CPU
		{BE8257AA-E34C-4BB3-AA13-4FB30FD7EEED}.Release|Any CPU.Build.0 = Release|Any CPU
		{63BC2EC8-7E1E-45B7-92FE-6A768F3A6175}.Debug|Any CPU.ActiveCfg = Debug|Any CPU
		{63BC2EC8-7E1E-45B7-92FE-6A768F3A6175}.Debug|Any CPU.Build.0 = Debug|Any CPU
		{63BC2EC8-7E1E-45B7-92FE-6A768F3A6175}.Release|Any CPU.ActiveCfg = Release|Any CPU
		{63BC2EC8-7E1E-45B7-92FE-6A768F3A6175}.Release|Any CPU.Build.0 = Release|Any CPU
	EndGlobalSection
	GlobalSection(SolutionProperties) = preSolution
		HideSolutionNode = FALSE
	EndGlobalSection
	GlobalSection(ExtensibilityGlobals) = postSolution
		SolutionGuid = {82B40727-015B-4578-99E1-622C8AEF05A5}
	EndGlobalSection
EndGlobal
